
Microsoft Visual Studio Solution File, Format Version 12.00
# Visual Studio Version 16
VisualStudioVersion = 16.0.30114.105
MinimumVisualStudioVersion = 10.0.40219.1
Project("{FAE04EC0-301F-11D3-BF4B-00C04F79EFBC}") = "PersonLetterTask", "PersonLetterTask\PersonLetterTask.csproj", "{30C71329-9F38-4619-B6CF-6EEED89A555F}"
EndProject
Global
	GlobalSection(SolutionConfigurationPlatforms) = preSolution
		Debug|Any CPU = Debug|Any CPU
		Release|Any CPU = Release|Any CPU
	EndGlobalSection
	GlobalSection(ProjectConfigurationPlatforms) = postSolution
		{30C71329-9F38-4619-B6CF-6EEED89A555F}.Debug|Any CPU.ActiveCfg = Debug|Any CPU
		{30C71329-9F38-4619-B6CF-6EEED89A555F}.Debug|Any CPU.Build.0 = Debug|Any CPU
		{30C71329-9F38-4619-B6CF-6EEED89A555F}.Release|Any CPU.ActiveCfg = Release|Any CPU
		{30C71329-9F38-4619-B6CF-6EEED89A555F}.Release|Any CPU.Build.0 = Release|Any CPU
	EndGlobalSection
	GlobalSection(SolutionProperties) = preSolution
		HideSolutionNode = FALSE
	EndGlobalSection
	GlobalSection(ExtensibilityGlobals) = postSolution
		SolutionGuid = {80B40CDD-29F3-4A27-96BC-A3AF02C1457A}
	EndGlobalSection
EndGlobal
